<Solution>
  <Project Path="Shop.CartAPI/Shop.CartAPI.csproj" Id="94ff7322-cd95-4cbd-8ecc-420e5cb9a7f5" />
  <Project Path="Shop.DiscountAPI/Shop.DiscountAPI.csproj" Id="52d47193-a686-4c0a-b9b5-a3c76b29397d" />
  <Project Path="Shop.IdentityServer/Shop.IdentityServer.csproj" Id="f1de7371-6197-4649-9e55-cd3b82390b29" />
  <Project Path="Shop.Web/Shop.Web.csproj" Id="07101982-4c9a-4c79-9724-d8ff95d195cd" />
  <Project Path="WebApplication1/Shop.ProductAPI.csproj" />
</Solution>
